// !$*UTF8*$!
{
	archiveVersion = 1;
	classes = {
	};
	objectVersion = 77;
	objects = {

/* Begin PBXBuildFile section */
		4EA9616A2CEF8CAD0055D80E /* project_image.png in Resources */ = {isa = PBXBuildFile; fileRef = 4EA961692CEF8CAD0055D80E /* project_image.png */; };
/* End PBXBuildFile section */

/* Begin PBXContainerItemProxy section */
		4E235C7A2CE52A61006D5097 /* PBXContainerItemProxy */ = {
			isa = PBXContainerItemProxy;
			containerPortal = 4E235C602CE52A60006D5097 /* Project object */;
			proxyType = 1;
			remoteGlobalIDString = 4E235C672CE52A60006D5097;
			remoteInfo = MetalSim;
		};
		4E235C842CE52A61006D5097 /* PBXContainerItemProxy */ = {
			isa = PBXContainerItemProxy;
			containerPortal = 4E235C602CE52A60006D5097 /* Project object */;
			proxyType = 1;
			remoteGlobalIDString = 4E235C672CE52A60006D5097;
			remoteInfo = MetalSim;
		};
/* End PBXContainerItemProxy section */

/* Begin PBXFileReference section */
		4E235C682CE52A60006D5097 /* MetalSim.app */ = {isa = PBXFileReference; explicitFileType = wrapper.application; includeInIndex = 0; path = MetalSim.app; sourceTree = BUILT_PRODUCTS_DIR; };
		4E235C792CE52A61006D5097 /* MetalSimTests.xctest */ = {isa = PBXFileReference; explicitFileType = wrapper.cfbundle; includeInIndex = 0; path = MetalSimTests.xctest; sourceTree = BUILT_PRODUCTS_DIR; };
		4E235C832CE52A61006D5097 /* MetalSimUITests.xctest */ = {isa = PBXFileReference; explicitFileType = wrapper.cfbundle; includeInIndex = 0; path = MetalSimUITests.xctest; sourceTree = BUILT_PRODUCTS_DIR; };
		4EA961692CEF8CAD0055D80E /* project_image.png */ = {isa = PBXFileReference; lastKnownFileType = image.png; path = project_image.png; sourceTree = "<group>"; };
/* End PBXFileReference section */

/* Begin PBXFileSystemSynchronizedRootGroup section */
		4E235C6A2CE52A60006D5097 /* MetalSim */ = {
			isa = PBXFileSystemSynchronizedRootGroup;
			path = MetalSim;
			sourceTree = "<group>";
		};
		4E235C7C2CE52A61006D5097 /* MetalSimTests */ = {
			isa = PBXFileSystemSynchronizedRootGroup;
			path = MetalSimTests;
			sourceTree = "<group>";
		};
		4E235C862CE52A61006D5097 /* MetalSimUITests */ = {
			isa = PBXFileSystemSynchronizedRootGroup;
			path = MetalSimUITests;
			sourceTree = "<group>";
		};
/* End PBXFileSystemSynchronizedRootGroup section */

/* Begin PBXFrameworksBuildPhase section */
		4E235C652CE52A60006D5097 /* Frameworks */ = {
			isa = PBXFrameworksBuildPhase;
			buildActionMask = 2147483647;
			files = (
			);
			runOnlyForDeploymentPostprocessing = 0;
		};
		4E235C762CE52A61006D5097 /* Frameworks */ = {
			isa = PBXFrameworksBuildPhase;
			buildActionMask = 2147483647;
			files = (
			);
			runOnlyForDeploymentPostprocessing = 0;
		};
		4E235C802CE52A61006D5097 /* Frameworks */ = {
			isa = PBXFrameworksBuildPhase;
			buildActionMask = 2147483647;
			files = (
			);
			runOnlyForDeploymentPostprocessing = 0;
		};
/* End PBXFrameworksBuildPhase section */

/* Begin PBXGroup section */
		4E235C5F2CE52A60006D5097 = {
			isa = PBXGroup;
			children = (
				4E235C6A2CE52A60006D5097 /* MetalSim */,
				4E235C7C2CE52A61006D5097 /* MetalSimTests */,
				4E235C862CE52A61006D5097 /* MetalSimUITests */,
				4E235C692CE52A60006D5097 /* Products */,
				4EA961692CEF8CAD0055D80E /* project_image.png */,
			);
			sourceTree = "<group>";
		};
		4E235C692CE52A60006D5097 /* Products */ = {
			isa = PBXGroup;
			children = (
				4E235C682CE52A60006D5097 /* MetalSim.app */,
				4E235C792CE52A61006D5097 /* MetalSimTests.xctest */,
				4E235C832CE52A61006D5097 /* MetalSimUITests.xctest */,
			);
			name = Products;
			sourceTree = "<group>";
		};
/* End PBXGroup section */

/* Begin PBXNativeTarget section */
		4E235C672CE52A60006D5097 /* MetalSim */ = {
			isa = PBXNativeTarget;
			buildConfigurationList = 4E235C8D2CE52A61006D5097 /* Build configuration list for PBXNativeTarget "MetalSim" */;
			buildPhases = (
				4E235C642CE52A60006D5097 /* Sources */,
				4E235C652CE52A60006D5097 /* Frameworks */,
				4E235C662CE52A60006D5097 /* Resources */,
			);
			buildRules = (
			);
			dependencies = (
			);
			fileSystemSynchronizedGroups = (
				4E235C6A2CE52A60006D5097 /* MetalSim */,
			);
			name = MetalSim;
			packageProductDependencies = (
			);
			productName = MetalSim;
			productReference = 4E235C682CE52A60006D5097 /* MetalSim.app */;
			productType = "com.apple.product-type.application";
		};
		4E235C782CE52A61006D5097 /* MetalSimTests */ = {
			isa = PBXNativeTarget;
			buildConfigurationList = 4E235C902CE52A61006D5097 /* Build configuration list for PBXNativeTarget "MetalSimTests" */;
			buildPhases = (
				4E235C752CE52A61006D5097 /* Sources */,
				4E235C762CE52A61006D5097 /* Frameworks */,
				4E235C772CE52A61006D5097 /* Resources */,
			);
			buildRules = (
			);
			dependencies = (
				4E235C7B2CE52A61006D5097 /* PBXTargetDependency */,
			);
			fileSystemSynchronizedGroups = (
				4E235C7C2CE52A61006D5097 /* MetalSimTests */,
			);
			name = MetalSimTests;
			packageProductDependencies = (
			);
			productName = MetalSimTests;
			productReference = 4E235C792CE52A61006D5097 /* MetalSimTests.xctest */;
			productType = "com.apple.product-type.bundle.unit-test";
		};
		4E235C822CE52A61006D5097 /* MetalSimUITests */ = {
			isa = PBXNativeTarget;
			buildConfigurationList = 4E235C932CE52A61006D5097 /* Build configuration list for PBXNativeTarget "MetalSimUITests" */;
			buildPhases = (
				4E235C7F2CE52A61006D5097 /* Sources */,
				4E235C802CE52A61006D5097 /* Frameworks */,
				4E235C812CE52A61006D5097 /* Resources */,
			);
			buildRules = (
			);
			dependencies = (
				4E235C852CE52A61006D5097 /* PBXTargetDependency */,
			);
			fileSystemSynchronizedGroups = (
				4E235C862CE52A61006D5097 /* MetalSimUITests */,
			);
			name = MetalSimUITests;
			packageProductDependencies = (
			);
			productName = MetalSimUITests;
			productReference = 4E235C832CE52A61006D5097 /* MetalSimUITests.xctest */;
			productType = "com.apple.product-type.bundle.ui-testing";
		};
/* End PBXNativeTarget section */

/* Begin PBXProject section */
		4E235C602CE52A60006D5097 /* Project object */ = {
			isa = PBXProject;
			attributes = {
				BuildIndependentTargetsInParallel = 1;
				LastSwiftUpdateCheck = 1610;
				LastUpgradeCheck = 1610;
				TargetAttributes = {
					4E235C672CE52A60006D5097 = {
						CreatedOnToolsVersion = 16.1;
					};
					4E235C782CE52A61006D5097 = {
						CreatedOnToolsVersion = 16.1;
						TestTargetID = 4E235C672CE52A60006D5097;
					};
					4E235C822CE52A61006D5097 = {
						CreatedOnToolsVersion = 16.1;
						TestTargetID = 4E235C672CE52A60006D5097;
					};
				};
			};
			buildConfigurationList = 4E235C632CE52A60006D5097 /* Build configuration list for PBXProject "MetalSim" */;
			developmentRegion = en;
			hasScannedForEncodings = 0;
			knownRegions = (
				en,
				Base,
			);
			mainGroup = 4E235C5F2CE52A60006D5097;
			minimizedProjectReferenceProxies = 1;
			preferredProjectObjectVersion = 77;
			productRefGroup = 4E235C692CE52A60006D5097 /* Products */;
			projectDirPath = "";
			projectRoot = "";
			targets = (
				4E235C672CE52A60006D5097 /* MetalSim */,
				4E235C782CE52A61006D5097 /* MetalSimTests */,
				4E235C822CE52A61006D5097 /* MetalSimUITests */,
			);
		};
/* End PBXProject section */

/* Begin PBXResourcesBuildPhase section */
		4E235C662CE52A60006D5097 /* Resources */ = {
			isa = PBXResourcesBuildPhase;
			buildActionMask = 2147483647;
			files = (
				4EA9616A2CEF8CAD0055D80E /* project_image.png in Resources */,
			);
			runOnlyForDeploymentPostprocessing = 0;
		};
		4E235C772CE52A61006D5097 /* Resources */ = {
			isa = PBXResourcesBuildPhase;
			buildActionMask = 2147483647;
			files = (
			);
			runOnlyForDeploymentPostprocessing = 0;
		};
		4E235C812CE52A61006D5097 /* Resources */ = {
			isa = PBXResourcesBuildPhase;
			buildActionMask = 2147483647;
			files = (
			);
			runOnlyForDeploymentPostprocessing = 0;
		};
/* End PBXResourcesBuildPhase section */

/* Begin PBXSourcesBuildPhase section */
		4E235C642CE52A60006D5097 /* Sources */ = {
			isa = PBXSourcesBuildPhase;
			buildActionMask = 2147483647;
			files = (
			);
			runOnlyForDeploymentPostprocessing = 0;
		};
		4E235C752CE52A61006D5097 /* Sources */ = {
			isa = PBXSourcesBuildPhase;
			buildActionMask = 2147483647;
			files = (
			);
			runOnlyForDeploymentPostprocessing = 0;
		};
		4E235C7F2CE52A61006D5097 /* Sources */ = {
			isa = PBXSourcesBuildPhase;
			buildActionMask = 2147483647;
			files = (
			);
			runOnlyForDeploymentPostprocessing = 0;
		};
/* End PBXSourcesBuildPhase section */

/* Begin PBXTargetDependency section */
		4E235C7B2CE52A61006D5097 /* PBXTargetDependency */ = {
			isa = PBXTargetDependency;
			target = 4E235C672CE52A60006D5097 /* MetalSim */;
			targetProxy = 4E235C7A2CE52A61006D5097 /* PBXContainerItemProxy */;
		};
		4E235C852CE52A61006D5097 /* PBXTargetDependency */ = {
			isa = PBXTargetDependency;
			target = 4E235C672CE52A60006D5097 /* MetalSim */;
			targetProxy = 4E235C842CE52A61006D5097 /* PBXContainerItemProxy */;
		};
/* End PBXTargetDependency section */

/* Begin XCBuildConfiguration section */
		4E235C8B2CE52A61006D5097 /* Debug */ = {
			isa = XCBuildConfiguration;
			buildSettings = {
				ALWAYS_SEARCH_USER_PATHS = NO;
				ASSETCATALOG_COMPILER_GENERATE_SWIFT_ASSET_SYMBOL_EXTENSIONS = YES;
				CLANG_ANALYZER_NONNULL = YES;
				CLANG_ANALYZER_NUMBER_OBJECT_CONVERSION = YES_AGGRESSIVE;
				CLANG_CXX_LANGUAGE_STANDARD = "gnu++20";
				CLANG_ENABLE_MODULES = YES;
				CLANG_ENABLE_OBJC_ARC = YES;
				CLANG_ENABLE_OBJC_WEAK = YES;
				CLANG_WARN_BLOCK_CAPTURE_AUTORELEASING = YES;
				CLANG_WARN_BOOL_CONVERSION = YES;
				CLANG_WARN_COMMA = YES;
				CLANG_WARN_CONSTANT_CONVERSION = YES;
				CLANG_WARN_DEPRECATED_OBJC_IMPLEMENTATIONS = YES;
				CLANG_WARN_DIRECT_OBJC_ISA_USAGE = YES_ERROR;
				CLANG_WARN_DOCUMENTATION_COMMENTS = YES;
				CLANG_WARN_EMPTY_BODY = YES;
				CLANG_WARN_ENUM_CONVERSION = YES;
				CLANG_WARN_INFINITE_RECURSION = YES;
				CLANG_WARN_INT_CONVERSION = YES;
				CLANG_WARN_NON_LITERAL_NULL_CONVERSION = YES;
				CLANG_WARN_OBJC_IMPLICIT_RETAIN_SELF = YES;
				CLANG_WARN_OBJC_LITERAL_CONVERSION = YES;
				CLANG_WARN_OBJC_ROOT_CLASS = YES_ERROR;
				CLANG_WARN_QUOTED_INCLUDE_IN_FRAMEWORK_HEADER = YES;
				CLANG_WARN_RANGE_LOOP_ANALYSIS = YES;
				CLANG_WARN_STRICT_PROTOTYPES = YES;
				CLANG_WARN_SUSPICIOUS_MOVE = YES;
				CLANG_WARN_UNGUARDED_AVAILABILITY = YES_AGGRESSIVE;
				CLANG_WARN_UNREACHABLE_CODE = YES;
				CLANG_WARN__DUPLICATE_METHOD_MATCH = YES;
				COPY_PHASE_STRIP = NO;
				DEBUG_INFORMATION_FORMAT = dwarf;
				ENABLE_STRICT_OBJC_MSGSEND = YES;
				ENABLE_TESTABILITY = YES;
				ENABLE_USER_SCRIPT_SANDBOXING = YES;
				GCC_C_LANGUAGE_STANDARD = gnu17;
				GCC_DYNAMIC_NO_PIC = NO;
				GCC_NO_COMMON_BLOCKS = YES;
				GCC_OPTIMIZATION_LEVEL = 0;
				GCC_PREPROCESSOR_DEFINITIONS = (
					"DEBUG=1",
					"$(inherited)",
				);
				GCC_WARN_64_TO_32_BIT_CONVERSION = YES;
				GCC_WARN_ABOUT_RETURN_TYPE = YES_ERROR;
				GCC_WARN_UNDECLARED_SELECTOR = YES;
				GCC_WARN_UNINITIALIZED_AUTOS = YES_AGGRESSIVE;
				GCC_WARN_UNUSED_FUNCTION = YES;
				GCC_WARN_UNUSED_VARIABLE = YES;
				LOCALIZATION_PREFERS_STRING_CATALOGS = YES;
				MACOSX_DEPLOYMENT_TARGET = 15.1;
				MTL_ENABLE_DEBUG_INFO = INCLUDE_SOURCE;
				MTL_FAST_MATH = YES;
				ONLY_ACTIVE_ARCH = YES;
				SDKROOT = macosx;
				SWIFT_ACTIVE_COMPILATION_CONDITIONS = "DEBUG $(inherited)";
				SWIFT_OPTIMIZATION_LEVEL = "-Onone";
			};
			name = Debug;
		};
		4E235C8C2CE52A61006D5097 /* Release */ = {
			isa = XCBuildConfiguration;
			buildSettings = {
				ALWAYS_SEARCH_USER_PATHS = NO;
				ASSETCATALOG_COMPILER_GENERATE_SWIFT_ASSET_SYMBOL_EXTENSIONS = YES;
				CLANG_ANALYZER_NONNULL = YES;
				CLANG_ANALYZER_NUMBER_OBJECT_CONVERSION = YES_AGGRESSIVE;
				CLANG_CXX_LANGUAGE_STANDARD = "gnu++20";
				CLANG_ENABLE_MODULES = YES;
				CLANG_ENABLE_OBJC_ARC = YES;
				CLANG_ENABLE_OBJC_WEAK = YES;
				CLANG_WARN_BLOCK_CAPTURE_AUTORELEASING = YES;
				CLANG_WARN_BOOL_CONVERSION = YES;
				CLANG_WARN_COMMA = YES;
				CLANG_WARN_CONSTANT_CONVERSION = YES;
				CLANG_WARN_DEPRECATED_OBJC_IMPLEMENTATIONS = YES;
				CLANG_WARN_DIRECT_OBJC_ISA_USAGE = YES_ERROR;
				CLANG_WARN_DOCUMENTATION_COMMENTS = YES;
				CLANG_WARN_EMPTY_BODY = YES;
				CLANG_WARN_ENUM_CONVERSION = YES;
				CLANG_WARN_INFINITE_RECURSION = YES;
				CLANG_WARN_INT_CONVERSION = YES;
				CLANG_WARN_NON_LITERAL_NULL_CONVERSION = YES;
				CLANG_WARN_OBJC_IMPLICIT_RETAIN_SELF = YES;
				CLANG_WARN_OBJC_LITERAL_CONVERSION = YES;
				CLANG_WARN_OBJC_ROOT_CLASS = YES_ERROR;
				CLANG_WARN_QUOTED_INCLUDE_IN_FRAMEWORK_HEADER = YES;
				CLANG_WARN_RANGE_LOOP_ANALYSIS = YES;
				CLANG_WARN_STRICT_PROTOTYPES = YES;
				CLANG_WARN_SUSPICIOUS_MOVE = YES;
				CLANG_WARN_UNGUARDED_AVAILABILITY = YES_AGGRESSIVE;
				CLANG_WARN_UNREACHABLE_CODE = YES;
				CLANG_WARN__DUPLICATE_METHOD_MATCH = YES;
				COPY_PHASE_STRIP = NO;
				DEBUG_INFORMATION_FORMAT = "dwarf-with-dsym";
				ENABLE_NS_ASSERTIONS = NO;
				ENABLE_STRICT_OBJC_MSGSEND = YES;
				ENABLE_USER_SCRIPT_SANDBOXING = YES;
				GCC_C_LANGUAGE_STANDARD = gnu17;
				GCC_NO_COMMON_BLOCKS = YES;
				GCC_WARN_64_TO_32_BIT_CONVERSION = YES;
				GCC_WARN_ABOUT_RETURN_TYPE = YES_ERROR;
				GCC_WARN_UNDECLARED_SELECTOR = YES;
				GCC_WARN_UNINITIALIZED_AUTOS = YES_AGGRESSIVE;
				GCC_WARN_UNUSED_FUNCTION = YES;
				GCC_WARN_UNUSED_VARIABLE = YES;
				LOCALIZATION_PREFERS_STRING_CATALOGS = YES;
				MACOSX_DEPLOYMENT_TARGET = 15.1;
				MTL_ENABLE_DEBUG_INFO = NO;
				MTL_FAST_MATH = YES;
				SDKROOT = macosx;
				SWIFT_COMPILATION_MODE = wholemodule;
			};
			name = Release;
		};
		4E235C8E2CE52A61006D5097 /* Debug */ = {
			isa = XCBuildConfiguration;
			buildSettings = {
				ASSETCATALOG_COMPILER_APPICON_NAME = AppIcon;
				ASSETCATALOG_COMPILER_GLOBAL_ACCENT_COLOR_NAME = AccentColor;
				CODE_SIGN_ENTITLEMENTS = MetalSim/MetalSim.entitlements;
				CODE_SIGN_STYLE = Automatic;
				COMBINE_HIDPI_IMAGES = YES;
				CURRENT_PROJECT_VERSION = 1;
				DEVELOPMENT_ASSET_PATHS = "\"MetalSim/Preview Content\"";
				DEVELOPMENT_TEAM = 7US7P97PXQ;
				ENABLE_HARDENED_RUNTIME = YES;
				ENABLE_PREVIEWS = YES;
				GENERATE_INFOPLIST_FILE = YES;
				INFOPLIST_KEY_NSHumanReadableCopyright = "";
				LD_RUNPATH_SEARCH_PATHS = (
					"$(inherited)",
					"@executable_path/../Frameworks",
				);
				MARKETING_VERSION = 1.0;
				PRODUCT_BUNDLE_IDENTIFIER = gb.MetalSim;
				PRODUCT_NAME = "$(TARGET_NAME)";
				SWIFT_EMIT_LOC_STRINGS = YES;
				SWIFT_VERSION = 5.0;
			};
			name = Debug;
		};
		4E235C8F2CE52A61006D5097 /* Release */ = {
			isa = XCBuildConfiguration;
			buildSettings = {
				ASSETCATALOG_COMPILER_APPICON_NAME = AppIcon;
				ASSETCATALOG_COMPILER_GLOBAL_ACCENT_COLOR_NAME = AccentColor;
				CODE_SIGN_ENTITLEMENTS = MetalSim/MetalSim.entitlements;
				CODE_SIGN_STYLE = Automatic;
				COMBINE_HIDPI_IMAGES = YES;
				CURRENT_PROJECT_VERSION = 1;
				DEVELOPMENT_ASSET_PATHS = "\"MetalSim/Preview Content\"";
				DEVELOPMENT_TEAM = 7US7P97PXQ;
				ENABLE_HARDENED_RUNTIME = YES;
				ENABLE_PREVIEWS = YES;
				GENERATE_INFOPLIST_FILE = YES;
				INFOPLIST_KEY_NSHumanReadableCopyright = "";
				LD_RUNPATH_SEARCH_PATHS = (
					"$(inherited)",
					"@executable_path/../Frameworks",
				);
				MARKETING_VERSION = 1.0;
				PRODUCT_BUNDLE_IDENTIFIER = gb.MetalSim;
				PRODUCT_NAME = "$(TARGET_NAME)";
				SWIFT_EMIT_LOC_STRINGS = YES;
				SWIFT_VERSION = 5.0;
			};
			name = Release;
		};
		4E235C912CE52A61006D5097 /* Debug */ = {
			isa = XCBuildConfiguration;
			buildSettings = {
				BUNDLE_LOADER = "$(TEST_HOST)";
				CODE_SIGN_STYLE = Automatic;
				CURRENT_PROJECT_VERSION = 1;
				DEVELOPMENT_TEAM = 7US7P97PXQ;
				GENERATE_INFOPLIST_FILE = YES;
				MACOSX_DEPLOYMENT_TARGET = 15.1;
				MARKETING_VERSION = 1.0;
				PRODUCT_BUNDLE_IDENTIFIER = gb.MetalSimTests;
				PRODUCT_NAME = "$(TARGET_NAME)";
				SWIFT_EMIT_LOC_STRINGS = NO;
				SWIFT_VERSION = 5.0;
				TEST_HOST = "$(BUILT_PRODUCTS_DIR)/MetalSim.app/$(BUNDLE_EXECUTABLE_FOLDER_PATH)/MetalSim";
			};
			name = Debug;
		};
		4E235C922CE52A61006D5097 /* Release */ = {
			isa = XCBuildConfiguration;
			buildSettings = {
				BUNDLE_LOADER = "$(TEST_HOST)";
				CODE_SIGN_STYLE = Automatic;
				CURRENT_PROJECT_VERSION = 1;
				DEVELOPMENT_TEAM = 7US7P97PXQ;
				GENERATE_INFOPLIST_FILE = YES;
				MACOSX_DEPLOYMENT_TARGET = 15.1;
				MARKETING_VERSION = 1.0;
				PRODUCT_BUNDLE_IDENTIFIER = gb.MetalSimTests;
				PRODUCT_NAME = "$(TARGET_NAME)";
				SWIFT_EMIT_LOC_STRINGS = NO;
				SWIFT_VERSION = 5.0;
				TEST_HOST = "$(BUILT_PRODUCTS_DIR)/MetalSim.app/$(BUNDLE_EXECUTABLE_FOLDER_PATH)/MetalSim";
			};
			name = Release;
		};
		4E235C942CE52A61006D5097 /* Debug */ = {
			isa = XCBuildConfiguration;
			buildSettings = {
				CODE_SIGN_STYLE = Automatic;
				CURRENT_PROJECT_VERSION = 1;
				DEVELOPMENT_TEAM = 7US7P97PXQ;
				GENERATE_INFOPLIST_FILE = YES;
				MARKETING_VERSION = 1.0;
				PRODUCT_BUNDLE_IDENTIFIER = gb.MetalSimUITests;
				PRODUCT_NAME = "$(TARGET_NAME)";
				SWIFT_EMIT_LOC_STRINGS = NO;
				SWIFT_VERSION = 5.0;
				TEST_TARGET_NAME = MetalSim;
			};
			name = Debug;
		};
		4E235C952CE52A61006D5097 /* Release */ = {
			isa = XCBuildConfiguration;
			buildSettings = {
				CODE_SIGN_STYLE = Automatic;
				CURRENT_PROJECT_VERSION = 1;
				DEVELOPMENT_TEAM = 7US7P97PXQ;
				GENERATE_INFOPLIST_FILE = YES;
				MARKETING_VERSION = 1.0;
				PRODUCT_BUNDLE_IDENTIFIER = gb.MetalSimUITests;
				PRODUCT_NAME = "$(TARGET_NAME)";
				SWIFT_EMIT_LOC_STRINGS = NO;
				SWIFT_VERSION = 5.0;
				TEST_TARGET_NAME = MetalSim;
			};
			name = Release;
		};
/* End XCBuildConfiguration section */

/* Begin XCConfigurationList section */
		4E235C632CE52A60006D5097 /* Build configuration list for PBXProject "MetalSim" */ = {
			isa = XCConfigurationList;
			buildConfigurations = (
				4E235C8B2CE52A61006D5097 /* Debug */,
				4E235C8C2CE52A61006D5097 /* Release */,
			);
			defaultConfigurationIsVisible = 0;
			defaultConfigurationName = Release;
		};
		4E235C8D2CE52A61006D5097 /* Build configuration list for PBXNativeTarget "MetalSim" */ = {
			isa = XCConfigurationList;
			buildConfigurations = (
				4E235C8E2CE52A61006D5097 /* Debug */,
				4E235C8F2CE52A61006D5097 /* Release */,
			);
			defaultConfigurationIsVisible = 0;
			defaultConfigurationName = Release;
		};
		4E235C902CE52A61006D5097 /* Build configuration list for PBXNativeTarget "MetalSimTests" */ = {
			isa = XCConfigurationList;
			buildConfigurations = (
				4E235C912CE52A61006D5097 /* Debug */,
				4E235C922CE52A61006D5097 /* Release */,
			);
			defaultConfigurationIsVisible = 0;
			defaultConfigurationName = Release;
		};
		4E235C932CE52A61006D5097 /* Build configuration list for PBXNativeTarget "MetalSimUITests" */ = {
			isa = XCConfigurationList;
			buildConfigurations = (
				4E235C942CE52A61006D5097 /* Debug */,
				4E235C952CE52A61006D5097 /* Release */,
			);
			defaultConfigurationIsVisible = 0;
			defaultConfigurationName = Release;
		};
/* End XCConfigurationList section */
	};
	rootObject = 4E235C602CE52A60006D5097 /* Project object */;
}
